
Microsoft Visual Studio Solution File, Format Version 12.00
# Visual Studio 14
VisualStudioVersion = 14.0.25420.1
MinimumVisualStudioVersion = 10.0.40219.1
Project("{FAE04EC0-301F-11D3-BF4B-00C04F79EFBC}") = "LevelEditor", "LevelEditor\LevelEditor.csproj", "{475449CF-2CED-4120-B9A6-D66B8985ABD9}"
EndProject
Project("{FAE04EC0-301F-11D3-BF4B-00C04F79EFBC}") = "AStartTest", "AStartTest\AStartTest.csproj", "{7FA25C95-F272-4DC7-B8A6-0BEE53F8858B}"
EndProject
Global
	GlobalSection(SolutionConfigurationPlatforms) = preSolution
		Debug|x86 = Debug|x86
		Release|x86 = Release|x86
	EndGlobalSection
	GlobalSection(ProjectConfigurationPlatforms) = postSolution
		{475449CF-2CED-4120-B9A6-D66B8985ABD9}.Debug|x86.ActiveCfg = Debug|x86
		{475449CF-2CED-4120-B9A6-D66B8985ABD9}.Debug|x86.Build.0 = Debug|x86
		{475449CF-2CED-4120-B9A6-D66B8985ABD9}.Release|x86.ActiveCfg = Release|x86
		{475449CF-2CED-4120-B9A6-D66B8985ABD9}.Release|x86.Build.0 = Release|x86
		{7FA25C95-F272-4DC7-B8A6-0BEE53F8858B}.Debug|x86.ActiveCfg = Debug|x86
		{7FA25C95-F272-4DC7-B8A6-0BEE53F8858B}.Debug|x86.Build.0 = Debug|x86
		{7FA25C95-F272-4DC7-B8A6-0BEE53F8858B}.Release|x86.ActiveCfg = Release|x86
		{7FA25C95-F272-4DC7-B8A6-0BEE53F8858B}.Release|x86.Build.0 = Release|x86
	EndGlobalSection
	GlobalSection(SolutionProperties) = preSolution
		HideSolutionNode = FALSE
	EndGlobalSection
EndGlobal
